
Microsoft Visual Studio Solution File, Format Version 12.00
# Visual Studio Version 17
VisualStudioVersion = 17.3.32929.385
MinimumVisualStudioVersion = 10.0.40219.1
Project("{9A19103F-16F7-4668-BE54-9A1E7A4F7556}") = "ProductMaster", "ProductMaster\ProductMaster.csproj", "{779BBC65-24E3-42E6-A1A6-F1CAD44F7844}"
EndProject
Project("{9A19103F-16F7-4668-BE54-9A1E7A4F7556}") = "ProductMaster.UnitTest", "ProductMasterUnitTest\ProductMaster.UnitTest.csproj", "{97CCFB00-1771-4DD5-B315-97B971883E93}"
EndProject
Project("{2150E333-8FDC-42A3-9474-1A3956D46DE8}") = "Solution Items", "Solution Items", "{EEE45AA0-FD1A-451E-A210-8A70D2799856}"
	ProjectSection(SolutionItems) = preProject
		.editorconfig = .editorconfig
	EndProjectSection
EndProject
Global
	GlobalSection(SolutionConfigurationPlatforms) = preSolution
		Debug|Any CPU = Debug|Any CPU
		Release|Any CPU = Release|Any CPU
	EndGlobalSection
	GlobalSection(ProjectConfigurationPlatforms) = postSolution
		{779BBC65-24E3-42E6-A1A6-F1CAD44F7844}.Debug|Any CPU.ActiveCfg = Debug|Any CPU
		{779BBC65-24E3-42E6-A1A6-F1CAD44F7844}.Debug|Any CPU.Build.0 = Debug|Any CPU
		{779BBC65-24E3-42E6-A1A6-F1CAD44F7844}.Release|Any CPU.ActiveCfg = Release|Any CPU
		{779BBC65-24E3-42E6-A1A6-F1CAD44F7844}.Release|Any CPU.Build.0 = Release|Any CPU
		{97CCFB00-1771-4DD5-B315-97B971883E93}.Debug|Any CPU.ActiveCfg = Debug|Any CPU
		{97CCFB00-1771-4DD5-B315-97B971883E93}.Debug|Any CPU.Build.0 = Debug|Any CPU
		{97CCFB00-1771-4DD5-B315-97B971883E93}.Release|Any CPU.ActiveCfg = Release|Any CPU
		{97CCFB00-1771-4DD5-B315-97B971883E93}.Release|Any CPU.Build.0 = Release|Any CPU
	EndGlobalSection
	GlobalSection(SolutionProperties) = preSolution
		HideSolutionNode = FALSE
	EndGlobalSection
	GlobalSection(ExtensibilityGlobals) = postSolution
		SolutionGuid = {A561FD1E-FED4-484C-9CD4-E943AA485225}
	EndGlobalSection
EndGlobal
